{
  "version": 4,
  "terraform_version": "0.12.10",
  "serial": 1,
  "lineage": "ff6205a0-eca3-5ba4-e0f7-472eafbcba62",
  "outputs": {
    "namespace": {
      "value": "idc6kcfnv2s3",
      "type": "string"
    }
  },
  "resources": [
    {
      "mode": "data",
      "type": "oci_identity_availability_domain",
      "name": "ad",
      "provider": "provider.oci",
      "instances": [
        {
          "schema_version": 0,
          "attributes": {
            "ad_number": 2,
            "compartment_id": "ocid1.tenancy.oc1..aaaaaaaazw4rl2qtuoyxnug324qhehmj27dk4jn25seydsbzjld5xmeimdja",
            "id": "ocid1.availabilitydomain.oc1..aaaaaaaaztunlny6ae4yw2vghp5go2zceaonwp6wiioe3tnh2vlaxjjl2n3a",
            "name": "QHeL:US-ASHBURN-AD-2"
          }
        }
      ]
    },
    {
      "mode": "data",
      "type": "oci_objectstorage_namespace",
      "name": "ns",
      "provider": "provider.oci",
      "instances": [
        {
          "schema_version": 0,
          "attributes": {
            "compartment_id": null,
            "id": "2019-10-16 18:58:06.748198095 +0000 UTC",
            "namespace": "idc6kcfnv2s3"
          }
        }
      ]
    },
    {
      "mode": "managed",
      "type": "oci_core_instance",
      "name": "test_instance",
      "provider": "provider.oci",
      "instances": [
        {
          "schema_version": 0,
          "attributes": {
            "agent_config": [
              {
                "is_monitoring_disabled": false
              }
            ],
            "availability_domain": "QHeL:US-ASHBURN-AD-2",
            "boot_volume_id": "ocid1.bootvolume.oc1.iad.abuwcljsvqtmtn234irk6z27n6seii6pfv2hxvprfmy5bnr7tttwxbhdukia",
            "compartment_id": "ocid1.compartment.oc1..aaaaaaaaflfbrxxpetnkjsj7bpb4ujhdqrlqlctchmdknmy5f3jhbcsagjqq",
            "create_vnic_details": [
              {
                "assign_public_ip": "true",
                "defined_tags": {},
                "display_name": "test_instance",
                "freeform_tags": {},
                "hostname_label": "test-instance",
                "nsg_ids": null,
                "private_ip": "10.0.1.2",
                "skip_source_dest_check": false,
                "subnet_id": "ocid1.subnet.oc1.iad.aaaaaaaayyvqpg4mwlhgbjva6b3rsec5pke3m2slt24oqgfibbgffna2pfqa"
              }
            ],
            "dedicated_vm_host_id": null,
            "defined_tags": {},
            "display_name": "test_instance",
            "extended_metadata": null,
            "fault_domain": "FAULT-DOMAIN-3",
            "freeform_tags": {},
            "hostname_label": "test-instance",
            "id": "ocid1.instance.oc1.iad.anuwcljs3kicd7acka3ptakewqzguty3lcyjafs2wq3enhtd4gfl4d5vwtua",
            "image": "ocid1.image.oc1.iad.aaaaaaaageeenzyuxgia726xur4ztaoxbxyjlxogdhreu3ngfj2gji3bayda",
            "ipxe_script": null,
            "is_pv_encryption_in_transit_enabled": null,
            "launch_mode": "NATIVE",
            "launch_options": [
              {
                "boot_volume_type": "PARAVIRTUALIZED",
                "firmware": "UEFI_64",
                "is_consistent_volume_naming_enabled": false,
                "is_pv_encryption_in_transit_enabled": true,
                "network_type": "VFIO",
                "remote_data_volume_type": "PARAVIRTUALIZED"
              }
            ],
            "metadata": {
              "ssh_authorized_keys": "ssh-rsa AAAAB3NzaC1yc2EAAAADAQABAAABAQC1m2rMcUUs52W9pU+jcl5xJsNa8msCQPruLMGoWa11ivghyl4FtxFP/YIKYqI+Sj15aHAOwZNyUBL638OzYZuO6DgTrQvlb+2KAvMe2JlN81sCCeYi/5WvYKIr9ozmjhUpyOY12mrqVbjIaThbVQ+DGdqb3v+eYpAfPhnlpeKmKN88nXp3mVATMr58tS8B8vcSJOmJWqZAJ1dElRRNMP188x8Ylv20NHAX3v1KEiDQTQwyBiFbpe+D6pKv7JFFZ3+IFlXMxfOr/DyZFYErSalt4doajhfKV3ujSmt9SQhfu5VgOzMCuhND0Tkvcg9K5VcBKGdxMdhGMNCXwhYG+ggd y.palomino@pucp.pe"
            },
            "preserve_boot_volume": null,
            "private_ip": "10.0.1.2",
            "public_ip": "132.145.201.47",
            "region": "iad",
            "shape": "VM.Standard2.1",
            "source_details": [
              {
                "boot_volume_size_in_gbs": "47",
                "kms_key_id": "",
                "source_id": "ocid1.image.oc1.iad.aaaaaaaageeenzyuxgia726xur4ztaoxbxyjlxogdhreu3ngfj2gji3bayda",
                "source_type": "image"
              }
            ],
            "state": "RUNNING",
            "subnet_id": "ocid1.subnet.oc1.iad.aaaaaaaayyvqpg4mwlhgbjva6b3rsec5pke3m2slt24oqgfibbgffna2pfqa",
            "system_tags": {},
            "time_created": "2019-10-16 18:58:21.598 +0000 UTC",
            "time_maintenance_reboot_due": "",
            "timeouts": null
          },
          "private": "eyJlMmJmYjczMC1lY2FhLTExZTYtOGY4OC0zNDM2M2JjN2M0YzAiOnsiY3JlYXRlIjo3MjAwMDAwMDAwMDAwLCJkZWxldGUiOjcyMDAwMDAwMDAwMDAsInVwZGF0ZSI6NzIwMDAwMDAwMDAwMH19",
          "depends_on": [
            "data.oci_identity_availability_domain.ad"
          ]
        }
      ]
    }
  ]
}
